# This file was autogenerated by Stack.
# You should not edit this file by hand.
# For more information, please see the documentation at:
#   https://docs.haskellstack.org/en/stable/lock_files

packages:
- completed:
    hackage: ansi-wl-pprint-0.6.9@sha256:fb737bc96e2aef34ad595d54ced7a73f648c521ebcb00fe0679aff45ccd49212,2448
    pantry-tree:
      sha256: ebb02b32915c04146b193949c3c48d9e8200c152f38947e8d23ca25b0997e188
      size: 472
  original:
    hackage: ansi-wl-pprint-0.6.9@sha256:fb737bc96e2aef34ad595d54ced7a73f648c521ebcb00fe0679aff45ccd49212,2448
snapshots:
- completed:
    sha256: 98fe98dae6f42f9b4405e5467f62f57df2896c57b742a09772688c900c722510
    size: 719579
    url: https://raw.githubusercontent.com/commercialhaskell/stackage-snapshots/master/lts/22/29.yaml
  original:
    url: https://raw.githubusercontent.com/commercialhaskell/stackage-snapshots/master/lts/22/29.yaml
